// !$*UTF8*$!
{
	archiveVersion = 1;
	classes = {
	};
	objectVersion = 46;
	objects = {

/* Begin PBXBuildFile section */
		D34F34491F41D5550049CFA3 /* AppDelegate.swift in Sources */ = {isa = PBXBuildFile; fileRef = D34F34481F41D5550049CFA3 /* AppDelegate.swift */; };
		D34F34501F41D5550049CFA3 /* Main.storyboard in Resources */ = {isa = PBXBuildFile; fileRef = D34F344E1F41D5550049CFA3 /* Main.storyboard */; };
		D34F34521F41D5550049CFA3 /* Assets.xcassets in Resources */ = {isa = PBXBuildFile; fileRef = D34F34511F41D5550049CFA3 /* Assets.xcassets */; };
		D34F34551F41D5550049CFA3 /* LaunchScreen.storyboard in Resources */ = {isa = PBXBuildFile; fileRef = D34F34531F41D5550049CFA3 /* LaunchScreen.storyboard */; };
		D34F345F1F41D5E70049CFA3 /* BeerCollectionViewController.swift in Sources */ = {isa = PBXBuildFile; fileRef = D34F345E1F41D5E70049CFA3 /* BeerCollectionViewController.swift */; };
		D34F34611F41D6200049CFA3 /* Beer.swift in Sources */ = {isa = PBXBuildFile; fileRef = D34F34601F41D6200049CFA3 /* Beer.swift */; };
		D34F34631F421A4C0049CFA3 /* FoodCollectionViewController.swift in Sources */ = {isa = PBXBuildFile; fileRef = D34F34621F421A4C0049CFA3 /* FoodCollectionViewController.swift */; };
		D34F34651F42273E0049CFA3 /* Food.swift in Sources */ = {isa = PBXBuildFile; fileRef = D34F34641F42273E0049CFA3 /* Food.swift */; };
/* End PBXBuildFile section */

/* Begin PBXFileReference section */
		D34F34451F41D5550049CFA3 /* MeanFiddler.app */ = {isa = PBXFileReference; explicitFileType = wrapper.application; includeInIndex = 0; path = MeanFiddler.app; sourceTree = BUILT_PRODUCTS_DIR; };
		D34F34481F41D5550049CFA3 /* AppDelegate.swift */ = {isa = PBXFileReference; lastKnownFileType = sourcecode.swift; path = AppDelegate.swift; sourceTree = "<group>"; };
		D34F344F1F41D5550049CFA3 /* Base */ = {isa = PBXFileReference; lastKnownFileType = file.storyboard; name = Base; path = Base.lproj/Main.storyboard; sourceTree = "<group>"; };
		D34F34511F41D5550049CFA3 /* Assets.xcassets */ = {isa = PBXFileReference; lastKnownFileType = folder.assetcatalog; path = Assets.xcassets; sourceTree = "<group>"; };
		D34F34541F41D5550049CFA3 /* Base */ = {isa = PBXFileReference; lastKnownFileType = file.storyboard; name = Base; path = Base.lproj/LaunchScreen.storyboard; sourceTree = "<group>"; };
		D34F34561F41D5550049CFA3 /* Info.plist */ = {isa = PBXFileReference; lastKnownFileType = text.plist.xml; path = Info.plist; sourceTree = "<group>"; };
		D34F345E1F41D5E70049CFA3 /* BeerCollectionViewController.swift */ = {isa = PBXFileReference; fileEncoding = 4; lastKnownFileType = sourcecode.swift; name = BeerCollectionViewController.swift; path = ../BeerCollectionViewController.swift; sourceTree = "<group>"; };
		D34F34601F41D6200049CFA3 /* Beer.swift */ = {isa = PBXFileReference; fileEncoding = 4; lastKnownFileType = sourcecode.swift; name = Beer.swift; path = ../Beer.swift; sourceTree = "<group>"; };
		D34F34621F421A4C0049CFA3 /* FoodCollectionViewController.swift */ = {isa = PBXFileReference; fileEncoding = 4; lastKnownFileType = sourcecode.swift; path = FoodCollectionViewController.swift; sourceTree = "<group>"; };
		D34F34641F42273E0049CFA3 /* Food.swift */ = {isa = PBXFileReference; fileEncoding = 4; lastKnownFileType = sourcecode.swift; name = Food.swift; path = ../Food.swift; sourceTree = "<group>"; };
/* End PBXFileReference section */

/* Begin PBXFrameworksBuildPhase section */
		D34F34421F41D5550049CFA3 /* Frameworks */ = {
			isa = PBXFrameworksBuildPhase;
			buildActionMask = 2147483647;
			files = (
			);
			runOnlyForDeploymentPostprocessing = 0;
		};
/* End PBXFrameworksBuildPhase section */

/* Begin PBXGroup section */
		D34F343C1F41D5550049CFA3 = {
			isa = PBXGroup;
			children = (
				D34F34471F41D5550049CFA3 /* MeanFiddler */,
				D34F34461F41D5550049CFA3 /* Products */,
			);
			sourceTree = "<group>";
		};
		D34F34461F41D5550049CFA3 /* Products */ = {
			isa = PBXGroup;
			children = (
				D34F34451F41D5550049CFA3 /* MeanFiddler.app */,
			);
			name = Products;
			sourceTree = "<group>";
		};
		D34F34471F41D5550049CFA3 /* MeanFiddler */ = {
			isa = PBXGroup;
			children = (
				D34F345E1F41D5E70049CFA3 /* BeerCollectionViewController.swift */,
				D34F34621F421A4C0049CFA3 /* FoodCollectionViewController.swift */,
				D34F34641F42273E0049CFA3 /* Food.swift */,
				D34F34601F41D6200049CFA3 /* Beer.swift */,
				D34F34481F41D5550049CFA3 /* AppDelegate.swift */,
				D34F344E1F41D5550049CFA3 /* Main.storyboard */,
				D34F34511F41D5550049CFA3 /* Assets.xcassets */,
				D34F34531F41D5550049CFA3 /* LaunchScreen.storyboard */,
				D34F34561F41D5550049CFA3 /* Info.plist */,
			);
			path = MeanFiddler;
			sourceTree = "<group>";
		};
/* End PBXGroup section */

/* Begin PBXNativeTarget section */
		D34F34441F41D5550049CFA3 /* MeanFiddler */ = {
			isa = PBXNativeTarget;
			buildConfigurationList = D34F34591F41D5550049CFA3 /* Build configuration list for PBXNativeTarget "MeanFiddler" */;
			buildPhases = (
				D34F34411F41D5550049CFA3 /* Sources */,
				D34F34421F41D5550049CFA3 /* Frameworks */,
				D34F34431F41D5550049CFA3 /* Resources */,
			);
			buildRules = (
			);
			dependencies = (
			);
			name = MeanFiddler;
			productName = MeanFiddler;
			productReference = D34F34451F41D5550049CFA3 /* MeanFiddler.app */;
			productType = "com.apple.product-type.application";
		};
/* End PBXNativeTarget section */

/* Begin PBXProject section */
		D34F343D1F41D5550049CFA3 /* Project object */ = {
			isa = PBXProject;
			attributes = {
				LastSwiftUpdateCheck = 0820;
				LastUpgradeCheck = 0820;
				ORGANIZATIONNAME = "Marx, Brian";
				TargetAttributes = {
					D34F34441F41D5550049CFA3 = {
						CreatedOnToolsVersion = 8.2.1;
						DevelopmentTeam = FZ4CY87XT2;
						ProvisioningStyle = Automatic;
					};
				};
			};
			buildConfigurationList = D34F34401F41D5550049CFA3 /* Build configuration list for PBXProject "MeanFiddler" */;
			compatibilityVersion = "Xcode 3.2";
			developmentRegion = English;
			hasScannedForEncodings = 0;
			knownRegions = (
				en,
				Base,
			);
			mainGroup = D34F343C1F41D5550049CFA3;
			productRefGroup = D34F34461F41D5550049CFA3 /* Products */;
			projectDirPath = "";
			projectRoot = "";
			targets = (
				D34F34441F41D5550049CFA3 /* MeanFiddler */,
			);
		};
/* End PBXProject section */

/* Begin PBXResourcesBuildPhase section */
		D34F34431F41D5550049CFA3 /* Resources */ = {
			isa = PBXResourcesBuildPhase;
			buildActionMask = 2147483647;
			files = (
				D34F34551F41D5550049CFA3 /* LaunchScreen.storyboard in Resources */,
				D34F34521F41D5550049CFA3 /* Assets.xcassets in Resources */,
				D34F34501F41D5550049CFA3 /* Main.storyboard in Resources */,
			);
			runOnlyForDeploymentPostprocessing = 0;
		};
/* End PBXResourcesBuildPhase section */

/* Begin PBXSourcesBuildPhase section */
		D34F34411F41D5550049CFA3 /* Sources */ = {
			isa = PBXSourcesBuildPhase;
			buildActionMask = 2147483647;
			files = (
				D34F345F1F41D5E70049CFA3 /* BeerCollectionViewController.swift in Sources */,
				D34F34631F421A4C0049CFA3 /* FoodCollectionViewController.swift in Sources */,
				D34F34651F42273E0049CFA3 /* Food.swift in Sources */,
				D34F34491F41D5550049CFA3 /* AppDelegate.swift in Sources */,
				D34F34611F41D6200049CFA3 /* Beer.swift in Sources */,
			);
			runOnlyForDeploymentPostprocessing = 0;
		};
/* End PBXSourcesBuildPhase section */

/* Begin PBXVariantGroup section */
		D34F344E1F41D5550049CFA3 /* Main.storyboard */ = {
			isa = PBXVariantGroup;
			children = (
				D34F344F1F41D5550049CFA3 /* Base */,
			);
			name = Main.storyboard;
			sourceTree = "<group>";
		};
		D34F34531F41D5550049CFA3 /* LaunchScreen.storyboard */ = {
			isa = PBXVariantGroup;
			children = (
				D34F34541F41D5550049CFA3 /* Base */,
			);
			name = LaunchScreen.storyboard;
			sourceTree = "<group>";
		};
/* End PBXVariantGroup section */

/* Begin XCBuildConfiguration section */
		D34F34571F41D5550049CFA3 /* Debug */ = {
			isa = XCBuildConfiguration;
			buildSettings = {
				ALWAYS_SEARCH_USER_PATHS = NO;
				CLANG_ANALYZER_NONNULL = YES;
				CLANG_CXX_LANGUAGE_STANDARD = "gnu++0x";
				CLANG_CXX_LIBRARY = "libc++";
				CLANG_ENABLE_MODULES = YES;
				CLANG_ENABLE_OBJC_ARC = YES;
				CLANG_WARN_BOOL_CONVERSION = YES;
				CLANG_WARN_CONSTANT_CONVERSION = YES;
				CLANG_WARN_DIRECT_OBJC_ISA_USAGE = YES_ERROR;
				CLANG_WARN_DOCUMENTATION_COMMENTS = YES;
				CLANG_WARN_EMPTY_BODY = YES;
				CLANG_WARN_ENUM_CONVERSION = YES;
				CLANG_WARN_INFINITE_RECURSION = YES;
				CLANG_WARN_INT_CONVERSION = YES;
				CLANG_WARN_OBJC_ROOT_CLASS = YES_ERROR;
				CLANG_WARN_SUSPICIOUS_MOVE = YES;
				CLANG_WARN_UNREACHABLE_CODE = YES;
				CLANG_WARN__DUPLICATE_METHOD_MATCH = YES;
				"CODE_SIGN_IDENTITY[sdk=iphoneos*]" = "iPhone Developer";
				COPY_PHASE_STRIP = NO;
				DEBUG_INFORMATION_FORMAT = dwarf;
				ENABLE_STRICT_OBJC_MSGSEND = YES;
				ENABLE_TESTABILITY = YES;
				GCC_C_LANGUAGE_STANDARD = gnu99;
				GCC_DYNAMIC_NO_PIC = NO;
				GCC_NO_COMMON_BLOCKS = YES;
				GCC_OPTIMIZATION_LEVEL = 0;
				GCC_PREPROCESSOR_DEFINITIONS = (
					"DEBUG=1",
					"$(inherited)",
				);
				GCC_WARN_64_TO_32_BIT_CONVERSION = YES;
				GCC_WARN_ABOUT_RETURN_TYPE = YES_ERROR;
				GCC_WARN_UNDECLARED_SELECTOR = YES;
				GCC_WARN_UNINITIALIZED_AUTOS = YES_AGGRESSIVE;
				GCC_WARN_UNUSED_FUNCTION = YES;
				GCC_WARN_UNUSED_VARIABLE = YES;
				IPHONEOS_DEPLOYMENT_TARGET = 10.2;
				MTL_ENABLE_DEBUG_INFO = YES;
				ONLY_ACTIVE_ARCH = YES;
				SDKROOT = iphoneos;
				SWIFT_ACTIVE_COMPILATION_CONDITIONS = DEBUG;
				SWIFT_OPTIMIZATION_LEVEL = "-Onone";
			};
			name = Debug;
		};
		D34F34581F41D5550049CFA3 /* Release */ = {
			isa = XCBuildConfiguration;
			buildSettings = {
				ALWAYS_SEARCH_USER_PATHS = NO;
				CLANG_ANALYZER_NONNULL = YES;
				CLANG_CXX_LANGUAGE_STANDARD = "gnu++0x";
				CLANG_CXX_LIBRARY = "libc++";
				CLANG_ENABLE_MODULES = YES;
				CLANG_ENABLE_OBJC_ARC = YES;
				CLANG_WARN_BOOL_CONVERSION = YES;
				CLANG_WARN_CONSTANT_CONVERSION = YES;
				CLANG_WARN_DIRECT_OBJC_ISA_USAGE = YES_ERROR;
				CLANG_WARN_DOCUMENTATION_COMMENTS = YES;
				CLANG_WARN_EMPTY_BODY = YES;
				CLANG_WARN_ENUM_CONVERSION = YES;
				CLANG_WARN_INFINITE_RECURSION = YES;
				CLANG_WARN_INT_CONVERSION = YES;
				CLANG_WARN_OBJC_ROOT_CLASS = YES_ERROR;
				CLANG_WARN_SUSPICIOUS_MOVE = YES;
				CLANG_WARN_UNREACHABLE_CODE = YES;
				CLANG_WARN__DUPLICATE_METHOD_MATCH = YES;
				"CODE_SIGN_IDENTITY[sdk=iphoneos*]" = "iPhone Developer";
				COPY_PHASE_STRIP = NO;
				DEBUG_INFORMATION_FORMAT = "dwarf-with-dsym";
				ENABLE_NS_ASSERTIONS = NO;
				ENABLE_STRICT_OBJC_MSGSEND = YES;
				GCC_C_LANGUAGE_STANDARD = gnu99;
				GCC_NO_COMMON_BLOCKS = YES;
				GCC_WARN_64_TO_32_BIT_CONVERSION = YES;
				GCC_WARN_ABOUT_RETURN_TYPE = YES_ERROR;
				GCC_WARN_UNDECLARED_SELECTOR = YES;
				GCC_WARN_UNINITIALIZED_AUTOS = YES_AGGRESSIVE;
				GCC_WARN_UNUSED_FUNCTION = YES;
				GCC_WARN_UNUSED_VARIABLE = YES;
				IPHONEOS_DEPLOYMENT_TARGET = 10.2;
				MTL_ENABLE_DEBUG_INFO = NO;
				SDKROOT = iphoneos;
				SWIFT_OPTIMIZATION_LEVEL = "-Owholemodule";
				VALIDATE_PRODUCT = YES;
			};
			name = Release;
		};
		D34F345A1F41D5550049CFA3 /* Debug */ = {
			isa = XCBuildConfiguration;
			buildSettings = {
				ASSETCATALOG_COMPILER_APPICON_NAME = AppIcon;
				DEVELOPMENT_TEAM = FZ4CY87XT2;
				INFOPLIST_FILE = MeanFiddler/Info.plist;
				LD_RUNPATH_SEARCH_PATHS = "$(inherited) @executable_path/Frameworks";
				PRODUCT_BUNDLE_IDENTIFIER = com.brianmarx.MeanFiddler;
				PRODUCT_NAME = "$(TARGET_NAME)";
				SWIFT_VERSION = 3.0;
			};
			name = Debug;
		};
		D34F345B1F41D5550049CFA3 /* Release */ = {
			isa = XCBuildConfiguration;
			buildSettings = {
				ASSETCATALOG_COMPILER_APPICON_NAME = AppIcon;
				DEVELOPMENT_TEAM = FZ4CY87XT2;
				INFOPLIST_FILE = MeanFiddler/Info.plist;
				LD_RUNPATH_SEARCH_PATHS = "$(inherited) @executable_path/Frameworks";
				PRODUCT_BUNDLE_IDENTIFIER = com.brianmarx.MeanFiddler;
				PRODUCT_NAME = "$(TARGET_NAME)";
				SWIFT_VERSION = 3.0;
			};
			name = Release;
		};
/* End XCBuildConfiguration section */

/* Begin XCConfigurationList section */
		D34F34401F41D5550049CFA3 /* Build configuration list for PBXProject "MeanFiddler" */ = {
			isa = XCConfigurationList;
			buildConfigurations = (
				D34F34571F41D5550049CFA3 /* Debug */,
				D34F34581F41D5550049CFA3 /* Release */,
			);
			defaultConfigurationIsVisible = 0;
			defaultConfigurationName = Release;
		};
		D34F34591F41D5550049CFA3 /* Build configuration list for PBXNativeTarget "MeanFiddler" */ = {
			isa = XCConfigurationList;
			buildConfigurations = (
				D34F345A1F41D5550049CFA3 /* Debug */,
				D34F345B1F41D5550049CFA3 /* Release */,
			);
			defaultConfigurationIsVisible = 0;
		};
/* End XCConfigurationList section */
	};
	rootObject = D34F343D1F41D5550049CFA3 /* Project object */;
}
